// !$*UTF8*$!
{
	archiveVersion = 1;
	classes = {
	};
	objectVersion = 77;
	objects = {

/* Begin PBXContainerItemProxy section */
		943EB0C22D5FC21100678290 /* PBXContainerItemProxy */ = {
			isa = PBXContainerItemProxy;
			containerPortal = 94155A8E2D5CDCC500C97B0E /* Project object */;
			proxyType = 1;
			remoteGlobalIDString = 94155A952D5CDCC500C97B0E;
			remoteInfo = ToDoCrew;
		};
		943EB0D22D5FC2A900678290 /* PBXContainerItemProxy */ = {
			isa = PBXContainerItemProxy;
			containerPortal = 94155A8E2D5CDCC500C97B0E /* Project object */;
			proxyType = 1;
			remoteGlobalIDString = 94155A952D5CDCC500C97B0E;
			remoteInfo = ToDoCrew;
		};
/* End PBXContainerItemProxy section */

/* Begin PBXFileReference section */
		94155A962D5CDCC500C97B0E /* ToDoCrew.app */ = {isa = PBXFileReference; explicitFileType = wrapper.application; includeInIndex = 0; path = ToDoCrew.app; sourceTree = BUILT_PRODUCTS_DIR; };
		943EB0BE2D5FC21100678290 /* ToDoCrewTests.xctest */ = {isa = PBXFileReference; explicitFileType = wrapper.cfbundle; includeInIndex = 0; path = ToDoCrewTests.xctest; sourceTree = BUILT_PRODUCTS_DIR; };
		943EB0C72D5FC29300678290 /* ToDoCrew.xctestplan */ = {isa = PBXFileReference; lastKnownFileType = text; path = ToDoCrew.xctestplan; sourceTree = "<group>"; };
		943EB0CC2D5FC2A900678290 /* ToDoCrewUITests.xctest */ = {isa = PBXFileReference; explicitFileType = wrapper.cfbundle; includeInIndex = 0; path = ToDoCrewUITests.xctest; sourceTree = BUILT_PRODUCTS_DIR; };
/* End PBXFileReference section */

/* Begin PBXFileSystemSynchronizedBuildFileExceptionSet section */
		94258D702D5D0D1400C46604 /* Exceptions for "ToDoCrew" folder in "ToDoCrew" target */ = {
			isa = PBXFileSystemSynchronizedBuildFileExceptionSet;
			membershipExceptions = (
				Info.plist,
			);
			target = 94155A952D5CDCC500C97B0E /* ToDoCrew */;
		};
/* End PBXFileSystemSynchronizedBuildFileExceptionSet section */

/* Begin PBXFileSystemSynchronizedRootGroup section */
		94155A982D5CDCC500C97B0E /* ToDoCrew */ = {
			isa = PBXFileSystemSynchronizedRootGroup;
			exceptions = (
				94258D702D5D0D1400C46604 /* Exceptions for "ToDoCrew" folder in "ToDoCrew" target */,
			);
			path = ToDoCrew;
			sourceTree = "<group>";
		};
		943EB0BF2D5FC21100678290 /* ToDoCrewTests */ = {
			isa = PBXFileSystemSynchronizedRootGroup;
			path = ToDoCrewTests;
			sourceTree = "<group>";
		};
		943EB0CD2D5FC2A900678290 /* ToDoCrewUITests */ = {
			isa = PBXFileSystemSynchronizedRootGroup;
			path = ToDoCrewUITests;
			sourceTree = "<group>";
		};
/* End PBXFileSystemSynchronizedRootGroup section */

/* Begin PBXFrameworksBuildPhase section */
		94155A932D5CDCC500C97B0E /* Frameworks */ = {
			isa = PBXFrameworksBuildPhase;
			buildActionMask = 2147483647;
			files = (
			);
			runOnlyForDeploymentPostprocessing = 0;
		};
		943EB0BB2D5FC21100678290 /* Frameworks */ = {
			isa = PBXFrameworksBuildPhase;
			buildActionMask = 2147483647;
			files = (
			);
			runOnlyForDeploymentPostprocessing = 0;
		};
		943EB0C92D5FC2A900678290 /* Frameworks */ = {
			isa = PBXFrameworksBuildPhase;
			buildActionMask = 2147483647;
			files = (
			);
			runOnlyForDeploymentPostprocessing = 0;
		};
/* End PBXFrameworksBuildPhase section */

/* Begin PBXGroup section */
		94155A8D2D5CDCC500C97B0E = {
			isa = PBXGroup;
			children = (
				943EB0C72D5FC29300678290 /* ToDoCrew.xctestplan */,
				94155A982D5CDCC500C97B0E /* ToDoCrew */,
				943EB0BF2D5FC21100678290 /* ToDoCrewTests */,
				943EB0CD2D5FC2A900678290 /* ToDoCrewUITests */,
				94155A972D5CDCC500C97B0E /* Products */,
			);
			sourceTree = "<group>";
		};
		94155A972D5CDCC500C97B0E /* Products */ = {
			isa = PBXGroup;
			children = (
				94155A962D5CDCC500C97B0E /* ToDoCrew.app */,
				943EB0BE2D5FC21100678290 /* ToDoCrewTests.xctest */,
				943EB0CC2D5FC2A900678290 /* ToDoCrewUITests.xctest */,
			);
			name = Products;
			sourceTree = "<group>";
		};
/* End PBXGroup section */

/* Begin PBXNativeTarget section */
		94155A952D5CDCC500C97B0E /* ToDoCrew */ = {
			isa = PBXNativeTarget;
			buildConfigurationList = 94155AA92D5CDCC700C97B0E /* Build configuration list for PBXNativeTarget "ToDoCrew" */;
			buildPhases = (
				94155A922D5CDCC500C97B0E /* Sources */,
				94155A932D5CDCC500C97B0E /* Frameworks */,
				94155A942D5CDCC500C97B0E /* Resources */,
			);
			buildRules = (
			);
			dependencies = (
			);
			fileSystemSynchronizedGroups = (
				94155A982D5CDCC500C97B0E /* ToDoCrew */,
			);
			name = ToDoCrew;
			packageProductDependencies = (
			);
			productName = ToDoCrew;
			productReference = 94155A962D5CDCC500C97B0E /* ToDoCrew.app */;
			productType = "com.apple.product-type.application";
		};
		943EB0BD2D5FC21100678290 /* ToDoCrewTests */ = {
			isa = PBXNativeTarget;
			buildConfigurationList = 943EB0C62D5FC21100678290 /* Build configuration list for PBXNativeTarget "ToDoCrewTests" */;
			buildPhases = (
				943EB0BA2D5FC21100678290 /* Sources */,
				943EB0BB2D5FC21100678290 /* Frameworks */,
				943EB0BC2D5FC21100678290 /* Resources */,
			);
			buildRules = (
			);
			dependencies = (
				943EB0C32D5FC21100678290 /* PBXTargetDependency */,
			);
			fileSystemSynchronizedGroups = (
				943EB0BF2D5FC21100678290 /* ToDoCrewTests */,
			);
			name = ToDoCrewTests;
			packageProductDependencies = (
			);
			productName = ToDoCrewTests;
			productReference = 943EB0BE2D5FC21100678290 /* ToDoCrewTests.xctest */;
			productType = "com.apple.product-type.bundle.unit-test";
		};
		943EB0CB2D5FC2A900678290 /* ToDoCrewUITests */ = {
			isa = PBXNativeTarget;
			buildConfigurationList = 943EB0D42D5FC2A900678290 /* Build configuration list for PBXNativeTarget "ToDoCrewUITests" */;
			buildPhases = (
				943EB0C82D5FC2A900678290 /* Sources */,
				943EB0C92D5FC2A900678290 /* Frameworks */,
				943EB0CA2D5FC2A900678290 /* Resources */,
			);
			buildRules = (
			);
			dependencies = (
				943EB0D32D5FC2A900678290 /* PBXTargetDependency */,
			);
			fileSystemSynchronizedGroups = (
				943EB0CD2D5FC2A900678290 /* ToDoCrewUITests */,
			);
			name = ToDoCrewUITests;
			packageProductDependencies = (
			);
			productName = ToDoCrewUITests;
			productReference = 943EB0CC2D5FC2A900678290 /* ToDoCrewUITests.xctest */;
			productType = "com.apple.product-type.bundle.ui-testing";
		};
/* End PBXNativeTarget section */

/* Begin PBXProject section */
		94155A8E2D5CDCC500C97B0E /* Project object */ = {
			isa = PBXProject;
			attributes = {
				BuildIndependentTargetsInParallel = 1;
				LastSwiftUpdateCheck = 1610;
				LastUpgradeCheck = 1610;
				TargetAttributes = {
					94155A952D5CDCC500C97B0E = {
						CreatedOnToolsVersion = 16.1;
					};
					943EB0BD2D5FC21100678290 = {
						CreatedOnToolsVersion = 16.1;
						TestTargetID = 94155A952D5CDCC500C97B0E;
					};
					943EB0CB2D5FC2A900678290 = {
						CreatedOnToolsVersion = 16.1;
						TestTargetID = 94155A952D5CDCC500C97B0E;
					};
				};
			};
			buildConfigurationList = 94155A912D5CDCC500C97B0E /* Build configuration list for PBXProject "ToDoCrew" */;
			developmentRegion = en;
			hasScannedForEncodings = 0;
			knownRegions = (
				en,
				Base,
			);
			mainGroup = 94155A8D2D5CDCC500C97B0E;
			minimizedProjectReferenceProxies = 1;
			preferredProjectObjectVersion = 77;
			productRefGroup = 94155A972D5CDCC500C97B0E /* Products */;
			projectDirPath = "";
			projectRoot = "";
			targets = (
				94155A952D5CDCC500C97B0E /* ToDoCrew */,
				943EB0BD2D5FC21100678290 /* ToDoCrewTests */,
				943EB0CB2D5FC2A900678290 /* ToDoCrewUITests */,
			);
		};
/* End PBXProject section */

/* Begin PBXResourcesBuildPhase section */
		94155A942D5CDCC500C97B0E /* Resources */ = {
			isa = PBXResourcesBuildPhase;
			buildActionMask = 2147483647;
			files = (
			);
			runOnlyForDeploymentPostprocessing = 0;
		};
		943EB0BC2D5FC21100678290 /* Resources */ = {
			isa = PBXResourcesBuildPhase;
			buildActionMask = 2147483647;
			files = (
			);
			runOnlyForDeploymentPostprocessing = 0;
		};
		943EB0CA2D5FC2A900678290 /* Resources */ = {
			isa = PBXResourcesBuildPhase;
			buildActionMask = 2147483647;
			files = (
			);
			runOnlyForDeploymentPostprocessing = 0;
		};
/* End PBXResourcesBuildPhase section */

/* Begin PBXSourcesBuildPhase section */
		94155A922D5CDCC500C97B0E /* Sources */ = {
			isa = PBXSourcesBuildPhase;
			buildActionMask = 2147483647;
			files = (
			);
			runOnlyForDeploymentPostprocessing = 0;
		};
		943EB0BA2D5FC21100678290 /* Sources */ = {
			isa = PBXSourcesBuildPhase;
			buildActionMask = 2147483647;
			files = (
			);
			runOnlyForDeploymentPostprocessing = 0;
		};
		943EB0C82D5FC2A900678290 /* Sources */ = {
			isa = PBXSourcesBuildPhase;
			buildActionMask = 2147483647;
			files = (
			);
			runOnlyForDeploymentPostprocessing = 0;
		};
/* End PBXSourcesBuildPhase section */

/* Begin PBXTargetDependency section */
		943EB0C32D5FC21100678290 /* PBXTargetDependency */ = {
			isa = PBXTargetDependency;
			target = 94155A952D5CDCC500C97B0E /* ToDoCrew */;
			targetProxy = 943EB0C22D5FC21100678290 /* PBXContainerItemProxy */;
		};
		943EB0D32D5FC2A900678290 /* PBXTargetDependency */ = {
			isa = PBXTargetDependency;
			target = 94155A952D5CDCC500C97B0E /* ToDoCrew */;
			targetProxy = 943EB0D22D5FC2A900678290 /* PBXContainerItemProxy */;
		};
/* End PBXTargetDependency section */

/* Begin XCBuildConfiguration section */
		94155AA72D5CDCC700C97B0E /* Debug */ = {
			isa = XCBuildConfiguration;
			buildSettings = {
				ALWAYS_SEARCH_USER_PATHS = NO;
				ASSETCATALOG_COMPILER_GENERATE_SWIFT_ASSET_SYMBOL_EXTENSIONS = YES;
				CLANG_ANALYZER_NONNULL = YES;
				CLANG_ANALYZER_NUMBER_OBJECT_CONVERSION = YES_AGGRESSIVE;
				CLANG_CXX_LANGUAGE_STANDARD = "gnu++20";
				CLANG_ENABLE_MODULES = YES;
				CLANG_ENABLE_OBJC_ARC = YES;
				CLANG_ENABLE_OBJC_WEAK = YES;
				CLANG_WARN_BLOCK_CAPTURE_AUTORELEASING = YES;
				CLANG_WARN_BOOL_CONVERSION = YES;
				CLANG_WARN_COMMA = YES;
				CLANG_WARN_CONSTANT_CONVERSION = YES;
				CLANG_WARN_DEPRECATED_OBJC_IMPLEMENTATIONS = YES;
				CLANG_WARN_DIRECT_OBJC_ISA_USAGE = YES_ERROR;
				CLANG_WARN_DOCUMENTATION_COMMENTS = YES;
				CLANG_WARN_EMPTY_BODY = YES;
				CLANG_WARN_ENUM_CONVERSION = YES;
				CLANG_WARN_INFINITE_RECURSION = YES;
				CLANG_WARN_INT_CONVERSION = YES;
				CLANG_WARN_NON_LITERAL_NULL_CONVERSION = YES;
				CLANG_WARN_OBJC_IMPLICIT_RETAIN_SELF = YES;
				CLANG_WARN_OBJC_LITERAL_CONVERSION = YES;
				CLANG_WARN_OBJC_ROOT_CLASS = YES_ERROR;
				CLANG_WARN_QUOTED_INCLUDE_IN_FRAMEWORK_HEADER = YES;
				CLANG_WARN_RANGE_LOOP_ANALYSIS = YES;
				CLANG_WARN_STRICT_PROTOTYPES = YES;
				CLANG_WARN_SUSPICIOUS_MOVE = YES;
				CLANG_WARN_UNGUARDED_AVAILABILITY = YES_AGGRESSIVE;
				CLANG_WARN_UNREACHABLE_CODE = YES;
				CLANG_WARN__DUPLICATE_METHOD_MATCH = YES;
				COPY_PHASE_STRIP = NO;
				DEBUG_INFORMATION_FORMAT = dwarf;
				ENABLE_STRICT_OBJC_MSGSEND = YES;
				ENABLE_TESTABILITY = YES;
				ENABLE_USER_SCRIPT_SANDBOXING = YES;
				GCC_C_LANGUAGE_STANDARD = gnu17;
				GCC_DYNAMIC_NO_PIC = NO;
				GCC_NO_COMMON_BLOCKS = YES;
				GCC_OPTIMIZATION_LEVEL = 0;
				GCC_PREPROCESSOR_DEFINITIONS = (
					"DEBUG=1",
					"$(inherited)",
				);
				GCC_WARN_64_TO_32_BIT_CONVERSION = YES;
				GCC_WARN_ABOUT_RETURN_TYPE = YES_ERROR;
				GCC_WARN_UNDECLARED_SELECTOR = YES;
				GCC_WARN_UNINITIALIZED_AUTOS = YES_AGGRESSIVE;
				GCC_WARN_UNUSED_FUNCTION = YES;
				GCC_WARN_UNUSED_VARIABLE = YES;
				IPHONEOS_DEPLOYMENT_TARGET = 18.1;
				LOCALIZATION_PREFERS_STRING_CATALOGS = YES;
				MTL_ENABLE_DEBUG_INFO = INCLUDE_SOURCE;
				MTL_FAST_MATH = YES;
				ONLY_ACTIVE_ARCH = YES;
				SDKROOT = iphoneos;
				SWIFT_ACTIVE_COMPILATION_CONDITIONS = "DEBUG $(inherited)";
				SWIFT_OPTIMIZATION_LEVEL = "-Onone";
			};
			name = Debug;
		};
		94155AA82D5CDCC700C97B0E /* Release */ = {
			isa = XCBuildConfiguration;
			buildSettings = {
				ALWAYS_SEARCH_USER_PATHS = NO;
				ASSETCATALOG_COMPILER_GENERATE_SWIFT_ASSET_SYMBOL_EXTENSIONS = YES;
				CLANG_ANALYZER_NONNULL = YES;
				CLANG_ANALYZER_NUMBER_OBJECT_CONVERSION = YES_AGGRESSIVE;
				CLANG_CXX_LANGUAGE_STANDARD = "gnu++20";
				CLANG_ENABLE_MODULES = YES;
				CLANG_ENABLE_OBJC_ARC = YES;
				CLANG_ENABLE_OBJC_WEAK = YES;
				CLANG_WARN_BLOCK_CAPTURE_AUTORELEASING = YES;
				CLANG_WARN_BOOL_CONVERSION = YES;
				CLANG_WARN_COMMA = YES;
				CLANG_WARN_CONSTANT_CONVERSION = YES;
				CLANG_WARN_DEPRECATED_OBJC_IMPLEMENTATIONS = YES;
				CLANG_WARN_DIRECT_OBJC_ISA_USAGE = YES_ERROR;
				CLANG_WARN_DOCUMENTATION_COMMENTS = YES;
				CLANG_WARN_EMPTY_BODY = YES;
				CLANG_WARN_ENUM_CONVERSION = YES;
				CLANG_WARN_INFINITE_RECURSION = YES;
				CLANG_WARN_INT_CONVERSION = YES;
				CLANG_WARN_NON_LITERAL_NULL_CONVERSION = YES;
				CLANG_WARN_OBJC_IMPLICIT_RETAIN_SELF = YES;
				CLANG_WARN_OBJC_LITERAL_CONVERSION = YES;
				CLANG_WARN_OBJC_ROOT_CLASS = YES_ERROR;
				CLANG_WARN_QUOTED_INCLUDE_IN_FRAMEWORK_HEADER = YES;
				CLANG_WARN_RANGE_LOOP_ANALYSIS = YES;
				CLANG_WARN_STRICT_PROTOTYPES = YES;
				CLANG_WARN_SUSPICIOUS_MOVE = YES;
				CLANG_WARN_UNGUARDED_AVAILABILITY = YES_AGGRESSIVE;
				CLANG_WARN_UNREACHABLE_CODE = YES;
				CLANG_WARN__DUPLICATE_METHOD_MATCH = YES;
				COPY_PHASE_STRIP = NO;
				DEBUG_INFORMATION_FORMAT = "dwarf-with-dsym";
				ENABLE_NS_ASSERTIONS = NO;
				ENABLE_STRICT_OBJC_MSGSEND = YES;
				ENABLE_USER_SCRIPT_SANDBOXING = YES;
				GCC_C_LANGUAGE_STANDARD = gnu17;
				GCC_NO_COMMON_BLOCKS = YES;
				GCC_WARN_64_TO_32_BIT_CONVERSION = YES;
				GCC_WARN_ABOUT_RETURN_TYPE = YES_ERROR;
				GCC_WARN_UNDECLARED_SELECTOR = YES;
				GCC_WARN_UNINITIALIZED_AUTOS = YES_AGGRESSIVE;
				GCC_WARN_UNUSED_FUNCTION = YES;
				GCC_WARN_UNUSED_VARIABLE = YES;
				IPHONEOS_DEPLOYMENT_TARGET = 18.1;
				LOCALIZATION_PREFERS_STRING_CATALOGS = YES;
				MTL_ENABLE_DEBUG_INFO = NO;
				MTL_FAST_MATH = YES;
				SDKROOT = iphoneos;
				SWIFT_COMPILATION_MODE = wholemodule;
				VALIDATE_PRODUCT = YES;
			};
			name = Release;
		};
		94155AAA2D5CDCC700C97B0E /* Debug */ = {
			isa = XCBuildConfiguration;
			buildSettings = {
				ASSETCATALOG_COMPILER_APPICON_NAME = AppIcon;
				ASSETCATALOG_COMPILER_GLOBAL_ACCENT_COLOR_NAME = AccentColor;
				CODE_SIGN_STYLE = Automatic;
				CURRENT_PROJECT_VERSION = 1;
				DEVELOPMENT_ASSET_PATHS = "\"ToDoCrew/Preview Content\"";
				DEVELOPMENT_TEAM = 8YM2388G2X;
				ENABLE_PREVIEWS = YES;
				GENERATE_INFOPLIST_FILE = YES;
				INFOPLIST_FILE = ToDoCrew/Info.plist;
				INFOPLIST_KEY_UIApplicationSceneManifest_Generation = YES;
				INFOPLIST_KEY_UIApplicationSupportsIndirectInputEvents = YES;
				INFOPLIST_KEY_UILaunchScreen_Generation = YES;
				INFOPLIST_KEY_UISupportedInterfaceOrientations = UIInterfaceOrientationPortrait;
				IPHONEOS_DEPLOYMENT_TARGET = 16.0;
				LD_RUNPATH_SEARCH_PATHS = (
					"$(inherited)",
					"@executable_path/Frameworks",
				);
				MARKETING_VERSION = 1.0;
				PRODUCT_BUNDLE_IDENTIFIER = com.myorganization.ToDoCrew;
				PRODUCT_NAME = "$(TARGET_NAME)";
				SUPPORTED_PLATFORMS = "iphoneos iphonesimulator";
				SUPPORTS_MACCATALYST = NO;
				SUPPORTS_MAC_DESIGNED_FOR_IPHONE_IPAD = NO;
				SUPPORTS_XR_DESIGNED_FOR_IPHONE_IPAD = NO;
				SWIFT_EMIT_LOC_STRINGS = YES;
				SWIFT_VERSION = 5.0;
				TARGETED_DEVICE_FAMILY = "1,2";
			};
			name = Debug;
		};
		94155AAB2D5CDCC700C97B0E /* Release */ = {
			isa = XCBuildConfiguration;
			buildSettings = {
				ASSETCATALOG_COMPILER_APPICON_NAME = AppIcon;
				ASSETCATALOG_COMPILER_GLOBAL_ACCENT_COLOR_NAME = AccentColor;
				CODE_SIGN_STYLE = Automatic;
				CURRENT_PROJECT_VERSION = 1;
				DEVELOPMENT_ASSET_PATHS = "\"ToDoCrew/Preview Content\"";
				DEVELOPMENT_TEAM = 8YM2388G2X;
				ENABLE_PREVIEWS = YES;
				GENERATE_INFOPLIST_FILE = YES;
				INFOPLIST_FILE = ToDoCrew/Info.plist;
				INFOPLIST_KEY_UIApplicationSceneManifest_Generation = YES;
				INFOPLIST_KEY_UIApplicationSupportsIndirectInputEvents = YES;
				INFOPLIST_KEY_UILaunchScreen_Generation = YES;
				INFOPLIST_KEY_UISupportedInterfaceOrientations = UIInterfaceOrientationPortrait;
				IPHONEOS_DEPLOYMENT_TARGET = 16.0;
				LD_RUNPATH_SEARCH_PATHS = (
					"$(inherited)",
					"@executable_path/Frameworks",
				);
				MARKETING_VERSION = 1.0;
				PRODUCT_BUNDLE_IDENTIFIER = com.myorganization.ToDoCrew;
				PRODUCT_NAME = "$(TARGET_NAME)";
				SUPPORTED_PLATFORMS = "iphoneos iphonesimulator";
				SUPPORTS_MACCATALYST = NO;
				SUPPORTS_MAC_DESIGNED_FOR_IPHONE_IPAD = NO;
				SUPPORTS_XR_DESIGNED_FOR_IPHONE_IPAD = NO;
				SWIFT_EMIT_LOC_STRINGS = YES;
				SWIFT_VERSION = 5.0;
				TARGETED_DEVICE_FAMILY = "1,2";
			};
			name = Release;
		};
		943EB0C42D5FC21100678290 /* Debug */ = {
			isa = XCBuildConfiguration;
			buildSettings = {
				BUNDLE_LOADER = "$(TEST_HOST)";
				CODE_SIGN_STYLE = Automatic;
				CURRENT_PROJECT_VERSION = 1;
				DEVELOPMENT_TEAM = 8YM2388G2X;
				GENERATE_INFOPLIST_FILE = YES;
				IPHONEOS_DEPLOYMENT_TARGET = 16.0;
				MARKETING_VERSION = 1.0;
				PRODUCT_BUNDLE_IDENTIFIER = com.myorganization.ToDoCrewTests;
				PRODUCT_NAME = "$(TARGET_NAME)";
				SUPPORTED_PLATFORMS = "iphoneos iphonesimulator";
				SUPPORTS_MACCATALYST = NO;
				SUPPORTS_MAC_DESIGNED_FOR_IPHONE_IPAD = NO;
				SUPPORTS_XR_DESIGNED_FOR_IPHONE_IPAD = NO;
				SWIFT_EMIT_LOC_STRINGS = NO;
				SWIFT_VERSION = 5.0;
				TARGETED_DEVICE_FAMILY = "1,2";
				TEST_HOST = "$(BUILT_PRODUCTS_DIR)/ToDoCrew.app/$(BUNDLE_EXECUTABLE_FOLDER_PATH)/ToDoCrew";
			};
			name = Debug;
		};
		943EB0C52D5FC21100678290 /* Release */ = {
			isa = XCBuildConfiguration;
			buildSettings = {
				BUNDLE_LOADER = "$(TEST_HOST)";
				CODE_SIGN_STYLE = Automatic;
				CURRENT_PROJECT_VERSION = 1;
				DEVELOPMENT_TEAM = 8YM2388G2X;
				GENERATE_INFOPLIST_FILE = YES;
				IPHONEOS_DEPLOYMENT_TARGET = 16.0;
				MARKETING_VERSION = 1.0;
				PRODUCT_BUNDLE_IDENTIFIER = com.myorganization.ToDoCrewTests;
				PRODUCT_NAME = "$(TARGET_NAME)";
				SUPPORTED_PLATFORMS = "iphoneos iphonesimulator";
				SUPPORTS_MACCATALYST = NO;
				SUPPORTS_MAC_DESIGNED_FOR_IPHONE_IPAD = NO;
				SUPPORTS_XR_DESIGNED_FOR_IPHONE_IPAD = NO;
				SWIFT_EMIT_LOC_STRINGS = NO;
				SWIFT_VERSION = 5.0;
				TARGETED_DEVICE_FAMILY = "1,2";
				TEST_HOST = "$(BUILT_PRODUCTS_DIR)/ToDoCrew.app/$(BUNDLE_EXECUTABLE_FOLDER_PATH)/ToDoCrew";
			};
			name = Release;
		};
		943EB0D52D5FC2A900678290 /* Debug */ = {
			isa = XCBuildConfiguration;
			buildSettings = {
				CODE_SIGN_STYLE = Automatic;
				CURRENT_PROJECT_VERSION = 1;
				DEVELOPMENT_TEAM = 8YM2388G2X;
				GENERATE_INFOPLIST_FILE = YES;
				IPHONEOS_DEPLOYMENT_TARGET = 16.0;
				MARKETING_VERSION = 1.0;
				PRODUCT_BUNDLE_IDENTIFIER = com.myorganization.ToDoCrewUITests;
				PRODUCT_NAME = "$(TARGET_NAME)";
				SUPPORTED_PLATFORMS = "iphoneos iphonesimulator";
				SUPPORTS_MACCATALYST = NO;
				SUPPORTS_MAC_DESIGNED_FOR_IPHONE_IPAD = NO;
				SUPPORTS_XR_DESIGNED_FOR_IPHONE_IPAD = NO;
				SWIFT_EMIT_LOC_STRINGS = NO;
				SWIFT_VERSION = 5.0;
				TARGETED_DEVICE_FAMILY = "1,2";
				TEST_TARGET_NAME = ToDoCrew;
			};
			name = Debug;
		};
		943EB0D62D5FC2A900678290 /* Release */ = {
			isa = XCBuildConfiguration;
			buildSettings = {
				CODE_SIGN_STYLE = Automatic;
				CURRENT_PROJECT_VERSION = 1;
				DEVELOPMENT_TEAM = 8YM2388G2X;
				GENERATE_INFOPLIST_FILE = YES;
				IPHONEOS_DEPLOYMENT_TARGET = 16.0;
				MARKETING_VERSION = 1.0;
				PRODUCT_BUNDLE_IDENTIFIER = com.myorganization.ToDoCrewUITests;
				PRODUCT_NAME = "$(TARGET_NAME)";
				SUPPORTED_PLATFORMS = "iphoneos iphonesimulator";
				SUPPORTS_MACCATALYST = NO;
				SUPPORTS_MAC_DESIGNED_FOR_IPHONE_IPAD = NO;
				SUPPORTS_XR_DESIGNED_FOR_IPHONE_IPAD = NO;
				SWIFT_EMIT_LOC_STRINGS = NO;
				SWIFT_VERSION = 5.0;
				TARGETED_DEVICE_FAMILY = "1,2";
				TEST_TARGET_NAME = ToDoCrew;
			};
			name = Release;
		};
/* End XCBuildConfiguration section */

/* Begin XCConfigurationList section */
		94155A912D5CDCC500C97B0E /* Build configuration list for PBXProject "ToDoCrew" */ = {
			isa = XCConfigurationList;
			buildConfigurations = (
				94155AA72D5CDCC700C97B0E /* Debug */,
				94155AA82D5CDCC700C97B0E /* Release */,
			);
			defaultConfigurationIsVisible = 0;
			defaultConfigurationName = Release;
		};
		94155AA92D5CDCC700C97B0E /* Build configuration list for PBXNativeTarget "ToDoCrew" */ = {
			isa = XCConfigurationList;
			buildConfigurations = (
				94155AAA2D5CDCC700C97B0E /* Debug */,
				94155AAB2D5CDCC700C97B0E /* Release */,
			);
			defaultConfigurationIsVisible = 0;
			defaultConfigurationName = Release;
		};
		943EB0C62D5FC21100678290 /* Build configuration list for PBXNativeTarget "ToDoCrewTests" */ = {
			isa = XCConfigurationList;
			buildConfigurations = (
				943EB0C42D5FC21100678290 /* Debug */,
				943EB0C52D5FC21100678290 /* Release */,
			);
			defaultConfigurationIsVisible = 0;
			defaultConfigurationName = Release;
		};
		943EB0D42D5FC2A900678290 /* Build configuration list for PBXNativeTarget "ToDoCrewUITests" */ = {
			isa = XCConfigurationList;
			buildConfigurations = (
				943EB0D52D5FC2A900678290 /* Debug */,
				943EB0D62D5FC2A900678290 /* Release */,
			);
			defaultConfigurationIsVisible = 0;
			defaultConfigurationName = Release;
		};
/* End XCConfigurationList section */
	};
	rootObject = 94155A8E2D5CDCC500C97B0E /* Project object */;
}
